
Microsoft Visual Studio Solution File, Format Version 12.00
# Visual Studio Version 17
VisualStudioVersion = 17.11.35327.3
MinimumVisualStudioVersion = 10.0.40219.1
Project("{FAE04EC0-301F-11D3-BF4B-00C04F79EFBC}") = "SwaggerApi", "SwaggerApi\SwaggerApi.csproj", "{1CC0E898-DB0F-4272-BCD0-117AB03B34A7}"
EndProject
Global
	GlobalSection(SolutionConfigurationPlatforms) = preSolution
		Debug|Any CPU = Debug|Any CPU
		Release|Any CPU = Release|Any CPU
	EndGlobalSection
	GlobalSection(ProjectConfigurationPlatforms) = postSolution
		{1CC0E898-DB0F-4272-BCD0-117AB03B34A7}.Debug|Any CPU.ActiveCfg = Debug|Any CPU
		{1CC0E898-DB0F-4272-BCD0-117AB03B34A7}.Debug|Any CPU.Build.0 = Debug|Any CPU
		{1CC0E898-DB0F-4272-BCD0-117AB03B34A7}.Release|Any CPU.ActiveCfg = Release|Any CPU
		{1CC0E898-DB0F-4272-BCD0-117AB03B34A7}.Release|Any CPU.Build.0 = Release|Any CPU
	EndGlobalSection
	GlobalSection(SolutionProperties) = preSolution
		HideSolutionNode = FALSE
	EndGlobalSection
	GlobalSection(ExtensibilityGlobals) = postSolution
		SolutionGuid = {43E1D47D-56FE-42C5-AE08-4C2D79F86B5E}
	EndGlobalSection
EndGlobal
